
Microsoft Visual Studio Solution File, Format Version 12.00
# Visual Studio 15
VisualStudioVersion = 15.0.28010.2019
MinimumVisualStudioVersion = 10.0.40219.1
Project("{FAE04EC0-301F-11D3-BF4B-00C04F79EFBC}") = "Lab6", "Lab6\Lab6.csproj", "{C52D0D04-EDD1-4169-882C-5AD6D976BF60}"
EndProject
Global
	GlobalSection(SolutionConfigurationPlatforms) = preSolution
		Debug|Any CPU = Debug|Any CPU
		Release|Any CPU = Release|Any CPU
	EndGlobalSection
	GlobalSection(ProjectConfigurationPlatforms) = postSolution
		{C52D0D04-EDD1-4169-882C-5AD6D976BF60}.Debug|Any CPU.ActiveCfg = Debug|Any CPU
		{C52D0D04-EDD1-4169-882C-5AD6D976BF60}.Debug|Any CPU.Build.0 = Debug|Any CPU
		{C52D0D04-EDD1-4169-882C-5AD6D976BF60}.Release|Any CPU.ActiveCfg = Release|Any CPU
		{C52D0D04-EDD1-4169-882C-5AD6D976BF60}.Release|Any CPU.Build.0 = Release|Any CPU
	EndGlobalSection
	GlobalSection(SolutionProperties) = preSolution
		HideSolutionNode = FALSE
	EndGlobalSection
	GlobalSection(ExtensibilityGlobals) = postSolution
		SolutionGuid = {610AF4B6-AF39-4365-8E3E-0BA9DAD7FE68}
	EndGlobalSection
EndGlobal
